
Microsoft Visual Studio Solution File, Format Version 12.00
# Visual Studio Version 16
VisualStudioVersion = 16.0.30002.166
MinimumVisualStudioVersion = 10.0.40219.1
Project("{9A19103F-16F7-4668-BE54-9A1E7A4F7556}") = "MiikkaStore.WebSite", "MiikkaStore.WebSite\MiikkaStore.WebSite.csproj", "{B1ABF703-0BAE-4BF9-86CB-088D17B36CCF}"
EndProject
Global
	GlobalSection(SolutionConfigurationPlatforms) = preSolution
		Debug|Any CPU = Debug|Any CPU
		Release|Any CPU = Release|Any CPU
	EndGlobalSection
	GlobalSection(ProjectConfigurationPlatforms) = postSolution
		{B1ABF703-0BAE-4BF9-86CB-088D17B36CCF}.Debug|Any CPU.ActiveCfg = Debug|Any CPU
		{B1ABF703-0BAE-4BF9-86CB-088D17B36CCF}.Debug|Any CPU.Build.0 = Debug|Any CPU
		{B1ABF703-0BAE-4BF9-86CB-088D17B36CCF}.Release|Any CPU.ActiveCfg = Release|Any CPU
		{B1ABF703-0BAE-4BF9-86CB-088D17B36CCF}.Release|Any CPU.Build.0 = Release|Any CPU
	EndGlobalSection
	GlobalSection(SolutionProperties) = preSolution
		HideSolutionNode = FALSE
	EndGlobalSection
	GlobalSection(ExtensibilityGlobals) = postSolution
		SolutionGuid = {3FC82110-E91C-48C7-A7AD-2D2334405CC5}
	EndGlobalSection
EndGlobal
